
Microsoft Visual Studio Solution File, Format Version 12.00
# Visual Studio Version 17
VisualStudioVersion = 17.5.33530.505
MinimumVisualStudioVersion = 10.0.40219.1
Project("{FAE04EC0-301F-11D3-BF4B-00C04F79EFBC}") = "InstantSiegeDeploy", "InstantSiegeDeploy.csproj", "{610138B1-2DB3-45FF-9E0F-F9F7F608418E}"
EndProject
Global
	GlobalSection(SolutionConfigurationPlatforms) = preSolution
		Debug|Any CPU = Debug|Any CPU
		Release|Any CPU = Release|Any CPU
	EndGlobalSection
	GlobalSection(ProjectConfigurationPlatforms) = postSolution
		{610138B1-2DB3-45FF-9E0F-F9F7F608418E}.Debug|Any CPU.ActiveCfg = Debug|Any CPU
		{610138B1-2DB3-45FF-9E0F-F9F7F608418E}.Debug|Any CPU.Build.0 = Debug|Any CPU
		{610138B1-2DB3-45FF-9E0F-F9F7F608418E}.Release|Any CPU.ActiveCfg = Release|Any CPU
		{610138B1-2DB3-45FF-9E0F-F9F7F608418E}.Release|Any CPU.Build.0 = Release|Any CPU
	EndGlobalSection
	GlobalSection(SolutionProperties) = preSolution
		HideSolutionNode = FALSE
	EndGlobalSection
	GlobalSection(ExtensibilityGlobals) = postSolution
		SolutionGuid = {FA471532-ECE3-491A-9B88-FC278BDE19BE}
	EndGlobalSection
EndGlobal
